
Microsoft Visual Studio Solution File, Format Version 12.00
# Visual Studio Version 17
VisualStudioVersion = 17.5.002.0
MinimumVisualStudioVersion = 10.0.40219.1
Project("{9A19103F-16F7-4668-BE54-9A1E7A4F7556}") = "app-server", "app-server.csproj", "{14CAD074-812A-4482-8A88-330B22BBFE8B}"
EndProject
Global
	GlobalSection(SolutionConfigurationPlatforms) = preSolution
		Debug|Any CPU = Debug|Any CPU
		Release|Any CPU = Release|Any CPU
	EndGlobalSection
	GlobalSection(ProjectConfigurationPlatforms) = postSolution
		{14CAD074-812A-4482-8A88-330B22BBFE8B}.Debug|Any CPU.ActiveCfg = Debug|Any CPU
		{14CAD074-812A-4482-8A88-330B22BBFE8B}.Debug|Any CPU.Build.0 = Debug|Any CPU
		{14CAD074-812A-4482-8A88-330B22BBFE8B}.Release|Any CPU.ActiveCfg = Release|Any CPU
		{14CAD074-812A-4482-8A88-330B22BBFE8B}.Release|Any CPU.Build.0 = Release|Any CPU
	EndGlobalSection
	GlobalSection(SolutionProperties) = preSolution
		HideSolutionNode = FALSE
	EndGlobalSection
	GlobalSection(ExtensibilityGlobals) = postSolution
		SolutionGuid = {118AED64-5305-4F92-A416-F7CA660A5950}
	EndGlobalSection
EndGlobal
